Microsoft Visual Studio Solution File, Format Version 12.00
# Visual Studio Version 17
VisualStudioVersion = 17.0.31903.59
MinimumVisualStudioVersion = 10.0.40219.1
Project("{2150E333-8FDC-42A3-9474-1A3956D46DE8}") = "exercises", "exercises", "{50411812-B2A4-4470-9CF6-C6BEF3BCE1C7}"
EndProject
Project("{2150E333-8FDC-42A3-9474-1A3956D46DE8}") = "rollback-with-saga", "rollback-with-saga", "{A49D90AF-B7FE-4112-9712-395C66D7565F}"
EndProject
Project("{2150E333-8FDC-42A3-9474-1A3956D46DE8}") = "solution", "solution", "{612BDA9B-1AF9-4DA0-A01E-2A2C9763BA1D}"
EndProject
Project("{FAE04EC0-301F-11D3-BF4B-00C04F79EFBC}") = "TemporalioRollbackWithSaga.Solution.Client", "exercises\rollback-with-saga\solution\Client\TemporalioRollbackWithSaga.Solution.Client.csproj", "{E2237695-F165-43C4-B9FE-1ABAEF8D8CAC}"
EndProject
Project("{FAE04EC0-301F-11D3-BF4B-00C04F79EFBC}") = "TemporalioRollbackWithSaga.Solution.Worker", "exercises\rollback-with-saga\solution\Worker\TemporalioRollbackWithSaga.Solution.Worker.csproj", "{C0EE27DA-22EF-42B1-A15E-1108AC01948B}"
EndProject
Project("{FAE04EC0-301F-11D3-BF4B-00C04F79EFBC}") = "TemporalioRollbackWithSaga.Solution.Workflow", "exercises\rollback-with-saga\solution\Workflow\TemporalioRollbackWithSaga.Solution.Workflow.csproj", "{9E233218-2AA8-4ADA-BBBA-28F90A00E97B}"
EndProject
Project("{2150E333-8FDC-42A3-9474-1A3956D46DE8}") = "handling-errors", "handling-errors", "{4E2EAD3A-3405-4E5B-A2C3-8A6A3EBE7C28}"
EndProject
Project("{2150E333-8FDC-42A3-9474-1A3956D46DE8}") = "solution", "solution", "{D9ED6A68-BE01-4476-9B10-C8B151BE05BC}"
EndProject
Project("{FAE04EC0-301F-11D3-BF4B-00C04F79EFBC}") = "TemporalioHandlingErrors.Solution.Client", "exercises\handling-errors\solution\Client\TemporalHandlingErrors.Client.csproj", "{049CD620-AAF9-4C7F-BA59-81CB689AA56B}"
EndProject
Project("{FAE04EC0-301F-11D3-BF4B-00C04F79EFBC}") = "TemporalioHandlingErrors.Solution.Worker", "exercises\handling-errors\solution\Worker\TemporalHandlingErrors.Worker.csproj", "{299E144F-1C90-4299-B661-991BC8E0FEE8}"
EndProject
Project("{2150E333-8FDC-42A3-9474-1A3956D46DE8}") = "non-retryable-err-types", "non-retryable-err-types", "{6BBAFB03-6850-4D22-B10D-32E9F9A291C5}"
EndProject
Project("{2150E333-8FDC-42A3-9474-1A3956D46DE8}") = "solution", "solution", "{756C1908-696E-4F03-A0FD-9328D7C90B24}"
EndProject
Project("{FAE04EC0-301F-11D3-BF4B-00C04F79EFBC}") = "TemporalioNonRetryableErrTypes.Solution.Client", "exercises\non-retryable-err-types\solution\Client\TemporalNonRetryableErrTypes.Client.csproj", "{C44AACCE-667C-476A-AEC8-BC8B11FE451C}"
EndProject
Project("{FAE04EC0-301F-11D3-BF4B-00C04F79EFBC}") = "TemporalioNonRetryableErrTypes.Solution.Web", "exercises\non-retryable-err-types\solution\Web\TemporalNonRetryableErrTypes.Web.csproj", "{35A29C73-E5AD-42B4-A33B-EFE6BEC84DB1}"
EndProject
Project("{FAE04EC0-301F-11D3-BF4B-00C04F79EFBC}") = "TemporalioNonRetryableErrTypes.Solution.Worker", "exercises\non-retryable-err-types\solution\Worker\TemporalNonRetryableErrTypes.Worker.csproj", "{80B2D72A-5469-42E0-8D61-AC52DEC5F8A8}"
EndProject
Project("{FAE04EC0-301F-11D3-BF4B-00C04F79EFBC}") = "TemporalioNonRetryableErrTypes.Solution.Workflow", "exercises\non-retryable-err-types\solution\Workflow\TemporalNonRetryableErrTypes.Workflow.csproj", "{D6FA0E73-2E01-47F8-A990-89C1F0641AC2}"
EndProject
Project("{FAE04EC0-301F-11D3-BF4B-00C04F79EFBC}") = "TemporalioHandlingErrors.Solution.Workflow", "exercises\handling-errors\solution\Workflow\TemporalHandlingErrors.Workflow.csproj", "{F7293B2F-CCFF-467B-B530-D639909D22B3}"
EndProject
Global
	GlobalSection(SolutionConfigurationPlatforms) = preSolution
		Debug|Any CPU = Debug|Any CPU
		Release|Any CPU = Release|Any CPU
	EndGlobalSection
	GlobalSection(ProjectConfigurationPlatforms) = postSolution
		{E2237695-F165-43C4-B9FE-1ABAEF8D8CAC}.Debug|Any CPU.ActiveCfg = Debug|Any CPU
		{E2237695-F165-43C4-B9FE-1ABAEF8D8CAC}.Debug|Any CPU.Build.0 = Debug|Any CPU
		{E2237695-F165-43C4-B9FE-1ABAEF8D8CAC}.Release|Any CPU.ActiveCfg = Release|Any CPU
		{E2237695-F165-43C4-B9FE-1ABAEF8D8CAC}.Release|Any CPU.Build.0 = Release|Any CPU
		{C0EE27DA-22EF-42B1-A15E-1108AC01948B}.Debug|Any CPU.ActiveCfg = Debug|Any CPU
		{C0EE27DA-22EF-42B1-A15E-1108AC01948B}.Debug|Any CPU.Build.0 = Debug|Any CPU
		{C0EE27DA-22EF-42B1-A15E-1108AC01948B}.Release|Any CPU.ActiveCfg = Release|Any CPU
		{C0EE27DA-22EF-42B1-A15E-1108AC01948B}.Release|Any CPU.Build.0 = Release|Any CPU
		{9E233218-2AA8-4ADA-BBBA-28F90A00E97B}.Debug|Any CPU.ActiveCfg = Debug|Any CPU
		{9E233218-2AA8-4ADA-BBBA-28F90A00E97B}.Debug|Any CPU.Build.0 = Debug|Any CPU
		{9E233218-2AA8-4ADA-BBBA-28F90A00E97B}.Release|Any CPU.ActiveCfg = Release|Any CPU
		{9E233218-2AA8-4ADA-BBBA-28F90A00E97B}.Release|Any CPU.Build.0 = Release|Any CPU
		{049CD620-AAF9-4C7F-BA59-81CB689AA56B}.Debug|Any CPU.ActiveCfg = Debug|Any CPU
		{049CD620-AAF9-4C7F-BA59-81CB689AA56B}.Debug|Any CPU.Build.0 = Debug|Any CPU
		{049CD620-AAF9-4C7F-BA59-81CB689AA56B}.Release|Any CPU.ActiveCfg = Release|Any CPU
		{049CD620-AAF9-4C7F-BA59-81CB689AA56B}.Release|Any CPU.Build.0 = Release|Any CPU
		{299E144F-1C90-4299-B661-991BC8E0FEE8}.Debug|Any CPU.ActiveCfg = Debug|Any CPU
		{299E144F-1C90-4299-B661-991BC8E0FEE8}.Debug|Any CPU.Build.0 = Debug|Any CPU
		{299E144F-1C90-4299-B661-991BC8E0FEE8}.Release|Any CPU.ActiveCfg = Release|Any CPU
		{299E144F-1C90-4299-B661-991BC8E0FEE8}.Release|Any CPU.Build.0 = Release|Any CPU
		{C44AACCE-667C-476A-AEC8-BC8B11FE451C}.Debug|Any CPU.ActiveCfg = Debug|Any CPU
		{C44AACCE-667C-476A-AEC8-BC8B11FE451C}.Debug|Any CPU.Build.0 = Debug|Any CPU
		{C44AACCE-667C-476A-AEC8-BC8B11FE451C}.Release|Any CPU.ActiveCfg = Release|Any CPU
		{C44AACCE-667C-476A-AEC8-BC8B11FE451C}.Release|Any CPU.Build.0 = Release|Any CPU
		{35A29C73-E5AD-42B4-A33B-EFE6BEC84DB1}.Debug|Any CPU.ActiveCfg = Debug|Any CPU
		{35A29C73-E5AD-42B4-A33B-EFE6BEC84DB1}.Debug|Any CPU.Build.0 = Debug|Any CPU
		{35A29C73-E5AD-42B4-A33B-EFE6BEC84DB1}.Release|Any CPU.ActiveCfg = Release|Any CPU
		{35A29C73-E5AD-42B4-A33B-EFE6BEC84DB1}.Release|Any CPU.Build.0 = Release|Any CPU
		{80B2D72A-5469-42E0-8D61-AC52DEC5F8A8}.Debug|Any CPU.ActiveCfg = Debug|Any CPU
		{80B2D72A-5469-42E0-8D61-AC52DEC5F8A8}.Debug|Any CPU.Build.0 = Debug|Any CPU
		{80B2D72A-5469-42E0-8D61-AC52DEC5F8A8}.Release|Any CPU.ActiveCfg = Release|Any CPU
		{80B2D72A-5469-42E0-8D61-AC52DEC5F8A8}.Release|Any CPU.Build.0 = Release|Any CPU
		{D6FA0E73-2E01-47F8-A990-89C1F0641AC2}.Debug|Any CPU.ActiveCfg = Debug|Any CPU
		{D6FA0E73-2E01-47F8-A990-89C1F0641AC2}.Debug|Any CPU.Build.0 = Debug|Any CPU
		{D6FA0E73-2E01-47F8-A990-89C1F0641AC2}.Release|Any CPU.ActiveCfg = Release|Any CPU
		{D6FA0E73-2E01-47F8-A990-89C1F0641AC2}.Release|Any CPU.Build.0 = Release|Any CPU
		{F7293B2F-CCFF-467B-B530-D639909D22B3}.Debug|Any CPU.ActiveCfg = Debug|Any CPU
		{F7293B2F-CCFF-467B-B530-D639909D22B3}.Debug|Any CPU.Build.0 = Debug|Any CPU
		{F7293B2F-CCFF-467B-B530-D639909D22B3}.Release|Any CPU.ActiveCfg = Release|Any CPU
		{F7293B2F-CCFF-467B-B530-D639909D22B3}.Release|Any CPU.Build.0 = Release|Any CPU
	EndGlobalSection
	GlobalSection(SolutionProperties) = preSolution
		HideSolutionNode = FALSE
	EndGlobalSection
	GlobalSection(NestedProjects) = preSolution
		{A49D90AF-B7FE-4112-9712-395C66D7565F} = {50411812-B2A4-4470-9CF6-C6BEF3BCE1C7}
		{612BDA9B-1AF9-4DA0-A01E-2A2C9763BA1D} = {A49D90AF-B7FE-4112-9712-395C66D7565F}
		{E2237695-F165-43C4-B9FE-1ABAEF8D8CAC} = {612BDA9B-1AF9-4DA0-A01E-2A2C9763BA1D}
		{C0EE27DA-22EF-42B1-A15E-1108AC01948B} = {612BDA9B-1AF9-4DA0-A01E-2A2C9763BA1D}
		{9E233218-2AA8-4ADA-BBBA-28F90A00E97B} = {612BDA9B-1AF9-4DA0-A01E-2A2C9763BA1D}
		{4E2EAD3A-3405-4E5B-A2C3-8A6A3EBE7C28} = {50411812-B2A4-4470-9CF6-C6BEF3BCE1C7}
		{D9ED6A68-BE01-4476-9B10-C8B151BE05BC} = {4E2EAD3A-3405-4E5B-A2C3-8A6A3EBE7C28}
		{049CD620-AAF9-4C7F-BA59-81CB689AA56B} = {D9ED6A68-BE01-4476-9B10-C8B151BE05BC}
		{299E144F-1C90-4299-B661-991BC8E0FEE8} = {D9ED6A68-BE01-4476-9B10-C8B151BE05BC}
		{6BBAFB03-6850-4D22-B10D-32E9F9A291C5} = {50411812-B2A4-4470-9CF6-C6BEF3BCE1C7}
		{756C1908-696E-4F03-A0FD-9328D7C90B24} = {6BBAFB03-6850-4D22-B10D-32E9F9A291C5}
		{C44AACCE-667C-476A-AEC8-BC8B11FE451C} = {756C1908-696E-4F03-A0FD-9328D7C90B24}
		{35A29C73-E5AD-42B4-A33B-EFE6BEC84DB1} = {756C1908-696E-4F03-A0FD-9328D7C90B24}
		{80B2D72A-5469-42E0-8D61-AC52DEC5F8A8} = {756C1908-696E-4F03-A0FD-9328D7C90B24}
		{D6FA0E73-2E01-47F8-A990-89C1F0641AC2} = {756C1908-696E-4F03-A0FD-9328D7C90B24}
		{F7293B2F-CCFF-467B-B530-D639909D22B3} = {D9ED6A68-BE01-4476-9B10-C8B151BE05BC}
	EndGlobalSection
EndGlobal
